{
  "name": "blog",
  "version": "1.0.0",
  "lockfileVersion": 3,
  "requires": true,
  "packages": {
    "": {
      "name": "blog",
      "version": "1.0.0",
      "license": "ISC",
      "dependencies": {
        "highlight.js": "^11.8.0",
        "marked": "^5.1.0",
        "marked-gfm-heading-id": "^3.0.4",
        "marked-images": "^3.0.2"
      }
    },
    "node_modules/github-slugger": {
      "version": "2.0.0",
      "resolved": "https://registry.npmjs.org/github-slugger/-/github-slugger-2.0.0.tgz",
      "integrity": "sha512-IaOQ9puYtjrkq7Y0Ygl9KDZnrf/aiUJYUpVf89y8kyaxbRG7Y1SrX/jaumrv81vc61+kiMempujsM3Yw7w5qcw=="
    },
    "node_modules/highlight.js": {
      "version": "11.8.0",
      "resolved": "https://registry.npmjs.org/highlight.js/-/highlight.js-11.8.0.tgz",
      "integrity": "sha512-MedQhoqVdr0U6SSnWPzfiadUcDHfN/Wzq25AkXiQv9oiOO/sG0S7XkvpFIqWBl9Yq1UYyYOOVORs5UW2XlPyzg==",
      "engines": {
        "node": ">=12.0.0"
      }
    },
    "node_modules/lodash.startswith": {
      "version": "4.2.1",
      "resolved": "https://registry.npmjs.org/lodash.startswith/-/lodash.startswith-4.2.1.tgz",
      "integrity": "sha512-XClYR1h4/fJ7H+mmCKppbiBmljN/nGs73iq2SjCT9SF4CBPoUHzLvWmH1GtZMhMBZSiRkHXfeA2RY1eIlJ75ww=="
    },
    "node_modules/marked": {
      "version": "5.1.0",
      "resolved": "https://registry.npmjs.org/marked/-/marked-5.1.0.tgz",
      "integrity": "sha512-z3/nBe7aTI8JDszlYLk7dDVNpngjw0o1ZJtrA9kIfkkHcIF+xH7mO23aISl4WxP83elU+MFROgahqdpd05lMEQ==",
      "bin": {
        "marked": "bin/marked.js"
      },
      "engines": {
        "node": ">= 18"
      }
    },
    "node_modules/marked-gfm-heading-id": {
      "version": "3.0.4",
      "resolved": "https://registry.npmjs.org/marked-gfm-heading-id/-/marked-gfm-heading-id-3.0.4.tgz",
      "integrity": "sha512-k22f+k8B449kRVXbi3OYxahI6t8HywKIF0wn0L0atzYhFHYRcJynLDekh+lcxcZkNnkEGRZOHuRfTcpjMjLqDw==",
      "dependencies": {
        "github-slugger": "^2.0.0"
      },
      "peerDependencies": {
        "marked": "^4 || ^5"
      }
    },
    "node_modules/marked-images": {
      "version": "3.0.2",
      "resolved": "https://registry.npmjs.org/marked-images/-/marked-images-3.0.2.tgz",
      "integrity": "sha512-P6BZBHByEn/bkyuIkmznoqgjYx5xYjLsecNW+lPIiJKhq/oYIEcANjmaMEuFIQTWzFct7ohOEBOKw+PNNQDQ1A==",
      "dependencies": {
        "lodash.startswith": "^4.2.1"
      },
      "peerDependencies": {
        "marked": "^4.1.1"
      }
    }
  }
}
